
Microsoft Visual Studio Solution File, Format Version 12.00
# Visual Studio Version 16
VisualStudioVersion = 16.0.30413.136
MinimumVisualStudioVersion = 10.0.40219.1
Project("{FAE04EC0-301F-11D3-BF4B-00C04F79EFBC}") = "MonitorIT", "MonitorIT\MonitorIT.csproj", "{151128A3-2231-4CC9-8C91-D5193B543DBC}"
EndProject
Global
	GlobalSection(SolutionConfigurationPlatforms) = preSolution
		Debug|Any CPU = Debug|Any CPU
		Release|Any CPU = Release|Any CPU
	EndGlobalSection
	GlobalSection(ProjectConfigurationPlatforms) = postSolution
		{151128A3-2231-4CC9-8C91-D5193B543DBC}.Debug|Any CPU.ActiveCfg = Debug|Any CPU
		{151128A3-2231-4CC9-8C91-D5193B543DBC}.Debug|Any CPU.Build.0 = Debug|Any CPU
		{151128A3-2231-4CC9-8C91-D5193B543DBC}.Release|Any CPU.ActiveCfg = Release|Any CPU
		{151128A3-2231-4CC9-8C91-D5193B543DBC}.Release|Any CPU.Build.0 = Release|Any CPU
	EndGlobalSection
	GlobalSection(SolutionProperties) = preSolution
		HideSolutionNode = FALSE
	EndGlobalSection
	GlobalSection(ExtensibilityGlobals) = postSolution
		SolutionGuid = {F97C083B-BC49-4DC4-BBFA-A20EFA866BD3}
	EndGlobalSection
EndGlobal
