
Microsoft Visual Studio Solution File, Format Version 12.00
Project("{FAE04EC0-301F-11D3-BF4B-00C04F79EFBC}") = "SSLTryForSekaiju", "SSLTryForSekaiju\SSLTryForSekaiju.csproj", "{39EBDF2D-1B07-48A0-98FE-59932B5CE384}"
EndProject
Global
	GlobalSection(SolutionConfigurationPlatforms) = preSolution
		Debug|Any CPU = Debug|Any CPU
		Release|Any CPU = Release|Any CPU
	EndGlobalSection
	GlobalSection(ProjectConfigurationPlatforms) = postSolution
		{39EBDF2D-1B07-48A0-98FE-59932B5CE384}.Debug|Any CPU.ActiveCfg = Debug|Any CPU
		{39EBDF2D-1B07-48A0-98FE-59932B5CE384}.Debug|Any CPU.Build.0 = Debug|Any CPU
		{39EBDF2D-1B07-48A0-98FE-59932B5CE384}.Release|Any CPU.ActiveCfg = Release|Any CPU
		{39EBDF2D-1B07-48A0-98FE-59932B5CE384}.Release|Any CPU.Build.0 = Release|Any CPU
	EndGlobalSection
EndGlobal
